
Microsoft Visual Studio Solution File, Format Version 12.00
# Visual Studio Version 16
VisualStudioVersion = 16.0.30907.101
MinimumVisualStudioVersion = 10.0.40219.1
Project("{FAE04EC0-301F-11D3-BF4B-00C04F79EFBC}") = "HotelListing", "HotelListing\HotelListing.csproj", "{83D94355-4B1F-466A-AF7D-4AB61BA89EBE}"
EndProject
Global
	GlobalSection(SolutionConfigurationPlatforms) = preSolution
		Debug|Any CPU = Debug|Any CPU
		Release|Any CPU = Release|Any CPU
	EndGlobalSection
	GlobalSection(ProjectConfigurationPlatforms) = postSolution
		{83D94355-4B1F-466A-AF7D-4AB61BA89EBE}.Debug|Any CPU.ActiveCfg = Debug|Any CPU
		{83D94355-4B1F-466A-AF7D-4AB61BA89EBE}.Debug|Any CPU.Build.0 = Debug|Any CPU
		{83D94355-4B1F-466A-AF7D-4AB61BA89EBE}.Release|Any CPU.ActiveCfg = Release|Any CPU
		{83D94355-4B1F-466A-AF7D-4AB61BA89EBE}.Release|Any CPU.Build.0 = Release|Any CPU
	EndGlobalSection
	GlobalSection(SolutionProperties) = preSolution
		HideSolutionNode = FALSE
	EndGlobalSection
	GlobalSection(ExtensibilityGlobals) = postSolution
		SolutionGuid = {1E5B90EE-B635-427A-8289-AF744AA3E11F}
	EndGlobalSection
EndGlobal
